
Microsoft Visual Studio Solution File, Format Version 12.00
# Visual Studio Version 16
VisualStudioVersion = 16.0.30907.101
MinimumVisualStudioVersion = 10.0.40219.1
Project("{FAE04EC0-301F-11D3-BF4B-00C04F79EFBC}") = "MyFirstExitModule", "MyFirstExitModule\MyFirstExitModule.csproj", "{1F09E211-5DEB-4FCE-8EA1-54DF14F183E7}"
EndProject
Global
	GlobalSection(SolutionConfigurationPlatforms) = preSolution
		Debug|Any CPU = Debug|Any CPU
		Release|Any CPU = Release|Any CPU
	EndGlobalSection
	GlobalSection(ProjectConfigurationPlatforms) = postSolution
		{1F09E211-5DEB-4FCE-8EA1-54DF14F183E7}.Debug|Any CPU.ActiveCfg = Debug|Any CPU
		{1F09E211-5DEB-4FCE-8EA1-54DF14F183E7}.Debug|Any CPU.Build.0 = Debug|Any CPU
		{1F09E211-5DEB-4FCE-8EA1-54DF14F183E7}.Release|Any CPU.ActiveCfg = Release|Any CPU
		{1F09E211-5DEB-4FCE-8EA1-54DF14F183E7}.Release|Any CPU.Build.0 = Release|Any CPU
	EndGlobalSection
	GlobalSection(SolutionProperties) = preSolution
		HideSolutionNode = FALSE
	EndGlobalSection
	GlobalSection(ExtensibilityGlobals) = postSolution
		SolutionGuid = {2B8FA704-5499-4CE2-AAF3-7CFEC8FF1450}
	EndGlobalSection
EndGlobal
